
Microsoft Visual Studio Solution File, Format Version 12.00
# Visual Studio 15
VisualStudioVersion = 15.0.27130.2027
MinimumVisualStudioVersion = 10.0.40219.1
Project("{FAE04EC0-301F-11D3-BF4B-00C04F79EFBC}") = "LottoGeneratorWFA", "LottoGeneratorWFA\LottoGeneratorWFA.csproj", "{03AA57FB-26E5-45C9-AEB6-F20F4D7C8B02}"
EndProject
Global
	GlobalSection(SolutionConfigurationPlatforms) = preSolution
		Debug|Any CPU = Debug|Any CPU
		Release|Any CPU = Release|Any CPU
	EndGlobalSection
	GlobalSection(ProjectConfigurationPlatforms) = postSolution
		{03AA57FB-26E5-45C9-AEB6-F20F4D7C8B02}.Debug|Any CPU.ActiveCfg = Debug|Any CPU
		{03AA57FB-26E5-45C9-AEB6-F20F4D7C8B02}.Debug|Any CPU.Build.0 = Debug|Any CPU
		{03AA57FB-26E5-45C9-AEB6-F20F4D7C8B02}.Release|Any CPU.ActiveCfg = Release|Any CPU
		{03AA57FB-26E5-45C9-AEB6-F20F4D7C8B02}.Release|Any CPU.Build.0 = Release|Any CPU
	EndGlobalSection
	GlobalSection(SolutionProperties) = preSolution
		HideSolutionNode = FALSE
	EndGlobalSection
	GlobalSection(ExtensibilityGlobals) = postSolution
		SolutionGuid = {30DF1231-6C66-412D-B525-C8E19A61FAB9}
	EndGlobalSection
EndGlobal
